
Microsoft Visual Studio Solution File, Format Version 12.00
# Visual Studio Version 16
VisualStudioVersion = 16.0.32126.315
MinimumVisualStudioVersion = 10.0.40219.1
Project("{FAE04EC0-301F-11D3-BF4B-00C04F79EFBC}") = "GitAndWPF", "GitAndWPF\GitAndWPF.csproj", "{C0DA7DA3-5FE1-40D4-A305-4DC7D8C0BF10}"
EndProject
Global
	GlobalSection(SolutionConfigurationPlatforms) = preSolution
		Debug|Any CPU = Debug|Any CPU
		Release|Any CPU = Release|Any CPU
	EndGlobalSection
	GlobalSection(ProjectConfigurationPlatforms) = postSolution
		{C0DA7DA3-5FE1-40D4-A305-4DC7D8C0BF10}.Debug|Any CPU.ActiveCfg = Debug|Any CPU
		{C0DA7DA3-5FE1-40D4-A305-4DC7D8C0BF10}.Debug|Any CPU.Build.0 = Debug|Any CPU
		{C0DA7DA3-5FE1-40D4-A305-4DC7D8C0BF10}.Release|Any CPU.ActiveCfg = Release|Any CPU
		{C0DA7DA3-5FE1-40D4-A305-4DC7D8C0BF10}.Release|Any CPU.Build.0 = Release|Any CPU
	EndGlobalSection
	GlobalSection(SolutionProperties) = preSolution
		HideSolutionNode = FALSE
	EndGlobalSection
	GlobalSection(ExtensibilityGlobals) = postSolution
		SolutionGuid = {16944965-D529-414C-8FD5-85BE783CFAB9}
	EndGlobalSection
EndGlobal
